
Microsoft Visual Studio Solution File, Format Version 12.00
# Visual Studio Version 17
VisualStudioVersion = 17.5.33424.131
MinimumVisualStudioVersion = 10.0.40219.1
Project("{2150E333-8FDC-42A3-9474-1A3956D46DE8}") = "Exercicio 01", "Exercicio 01", "{8F81B6E5-3335-4A34-94FB-F202BC25B8AA}"
EndProject
Project("{9A19103F-16F7-4668-BE54-9A1E7A4F7556}") = "Exercicio01.ConsoleApp", "Exercicio01.ConsoleApp\Exercicio01.ConsoleApp.csproj", "{E5B2846B-ECAF-4BA1-8781-DE62268652A0}"
EndProject
Project("{2150E333-8FDC-42A3-9474-1A3956D46DE8}") = "Exercicio 02", "Exercicio 02", "{76B3074B-E795-4A88-9C31-B5B1063EC1C7}"
EndProject
Project("{9A19103F-16F7-4668-BE54-9A1E7A4F7556}") = "Exercicio02.ConsoleApp", "Exercicio02.ConsoleApp\Exercicio02.ConsoleApp.csproj", "{F3CB7488-EEC0-4CD5-A92A-373DA42171FB}"
EndProject
Project("{2150E333-8FDC-42A3-9474-1A3956D46DE8}") = "Exercicio 03", "Exercicio 03", "{B02BCCD0-AC99-4ED5-819D-C314BF51E261}"
EndProject
Project("{9A19103F-16F7-4668-BE54-9A1E7A4F7556}") = "Exercicio03.ConsoleApp", "Exercicio03.ConsoleApp\Exercicio03.ConsoleApp.csproj", "{B32B3B14-72DC-4565-8BCA-CC608061E595}"
EndProject
Project("{2150E333-8FDC-42A3-9474-1A3956D46DE8}") = "Exercicio 04", "Exercicio 04", "{68FA9C70-6FFD-4F59-B4F7-6F95A0105DCA}"
EndProject
Project("{9A19103F-16F7-4668-BE54-9A1E7A4F7556}") = "Exercicio04.ConsoleApp", "Exercicio04.ConsoleApp\Exercicio04.ConsoleApp.csproj", "{D9668F69-FBF9-4803-AF50-2176606632B6}"
EndProject
Project("{2150E333-8FDC-42A3-9474-1A3956D46DE8}") = "Exercicio 05", "Exercicio 05", "{8521FBEB-95C4-4007-AE11-A115B22ED677}"
EndProject
Project("{9A19103F-16F7-4668-BE54-9A1E7A4F7556}") = "Exercicio05.ConsoleApp", "Exercicio05.ConsoleApp\Exercicio05.ConsoleApp.csproj", "{CEB495C8-3DC7-4D2A-9442-14259FB02E82}"
EndProject
Project("{2150E333-8FDC-42A3-9474-1A3956D46DE8}") = "Exercicio 17", "Exercicio 17", "{28894735-A963-46A5-A90B-AAC3F07310C4}"
EndProject
Project("{9A19103F-16F7-4668-BE54-9A1E7A4F7556}") = "Exercicio17.ConsoleApp", "Exercicio17.ConsoleApp\Exercicio17.ConsoleApp.csproj", "{10697ABE-8288-4351-B6B7-F451C6A4AE28}"
EndProject
Project("{2150E333-8FDC-42A3-9474-1A3956D46DE8}") = "Exercicio 18", "Exercicio 18", "{8CAA25EA-B21F-4642-AB0A-E07261EF3A0B}"
EndProject
Project("{9A19103F-16F7-4668-BE54-9A1E7A4F7556}") = "Exercicio18.ConsoleApp", "Exercicio18.ConsoleApp\Exercicio18.ConsoleApp.csproj", "{54DEC5EB-7DA8-4E4A-91BC-C86DE32B18DE}"
EndProject
Project("{2150E333-8FDC-42A3-9474-1A3956D46DE8}") = "Exercicio 19", "Exercicio 19", "{039CB32B-A659-43D2-9717-52754401AEC3}"
EndProject
Project("{9A19103F-16F7-4668-BE54-9A1E7A4F7556}") = "Exercicio19.ConsoleApp", "Exercicio19.ConsoleApp\Exercicio19.ConsoleApp.csproj", "{097040D5-91FA-4278-85AD-982A78100AD7}"
EndProject
Project("{2150E333-8FDC-42A3-9474-1A3956D46DE8}") = "Exercicio 20", "Exercicio 20", "{2976D4D8-0849-4B4B-AD2E-0702921F75D4}"
EndProject
Project("{9A19103F-16F7-4668-BE54-9A1E7A4F7556}") = "Exercicio20.ConsoleApp", "Exercicio20.ConsoleApp\Exercicio20.ConsoleApp.csproj", "{D2EA743E-FBF4-446A-8960-B04E48C67981}"
EndProject
Project("{2150E333-8FDC-42A3-9474-1A3956D46DE8}") = "Exercicio 21", "Exercicio 21", "{F87D97EF-8E14-4DE5-91CA-F637079635D5}"
EndProject
Project("{9A19103F-16F7-4668-BE54-9A1E7A4F7556}") = "Exercicio21.ConsoleApp", "Exercicio21.ConsoleApp\Exercicio21.ConsoleApp.csproj", "{CB4DD5FE-234D-4D5E-B217-5FAA07B77E3B}"
EndProject
Project("{2150E333-8FDC-42A3-9474-1A3956D46DE8}") = "Exercicio 23", "Exercicio 23", "{F835A3FA-1895-4EF8-A409-32A024986356}"
EndProject
Project("{9A19103F-16F7-4668-BE54-9A1E7A4F7556}") = "Exercicio23.ConsoleApp", "Exercicio23.ConsoleApp\Exercicio23.ConsoleApp.csproj", "{92586AFD-391F-4E08-A6AA-FC5CA138BEED}"
EndProject
Project("{2150E333-8FDC-42A3-9474-1A3956D46DE8}") = "Exercicio 24", "Exercicio 24", "{DA8ABACA-9431-486C-BD49-CA79C1E03AFC}"
EndProject
Project("{9A19103F-16F7-4668-BE54-9A1E7A4F7556}") = "Exercicio24.ConsoleApp", "Exercicio24.ConsoleApp\Exercicio24.ConsoleApp.csproj", "{60A9BDFA-D532-4D77-9A32-BBCA105E7784}"
EndProject
Project("{2150E333-8FDC-42A3-9474-1A3956D46DE8}") = "Exercicio 25", "Exercicio 25", "{D40650C7-72D7-4594-B3BC-2D63893E07CC}"
EndProject
Project("{9A19103F-16F7-4668-BE54-9A1E7A4F7556}") = "Exercicio25.ConsoleApp", "Exercicio25.ConsoleApp\Exercicio25.ConsoleApp.csproj", "{8F03492B-6571-44F7-873F-2C84F05F77ED}"
EndProject
Project("{2150E333-8FDC-42A3-9474-1A3956D46DE8}") = "Exercicio 26", "Exercicio 26", "{67510500-D138-4832-A8AE-43F4D90FD628}"
EndProject
Project("{9A19103F-16F7-4668-BE54-9A1E7A4F7556}") = "Exercicio26.ConsoleApp", "Exercicio26.ConsoleApp\Exercicio26.ConsoleApp.csproj", "{C3DE2BEF-E153-4298-A4AE-9A4E9FC8B6C6}"
EndProject
Project("{2150E333-8FDC-42A3-9474-1A3956D46DE8}") = "Exercicio 28", "Exercicio 28", "{1952AD82-AE04-44FE-87F9-D9618D45A4FF}"
EndProject
Project("{9A19103F-16F7-4668-BE54-9A1E7A4F7556}") = "Exercicio28.ConsoleApp", "Exercicio28.ConsoleApp\Exercicio28.ConsoleApp.csproj", "{316F4C88-FEFB-45AA-81C2-1BF5BDD0F11B}"
EndProject
Project("{2150E333-8FDC-42A3-9474-1A3956D46DE8}") = "Exercicio 06", "Exercicio 06", "{0555D950-EBBA-4276-924B-B9388E1AB852}"
EndProject
Project("{9A19103F-16F7-4668-BE54-9A1E7A4F7556}") = "Exercicio06.ConsoleApp", "Exercicio06.ConsoleApp\Exercicio06.ConsoleApp.csproj", "{59A4040C-6288-4596-B15F-967B93380DBA}"
EndProject
Project("{2150E333-8FDC-42A3-9474-1A3956D46DE8}") = "Exercicio 07", "Exercicio 07", "{49908E08-81C4-4CBB-8153-F2CE8B4663B8}"
EndProject
Project("{FAE04EC0-301F-11D3-BF4B-00C04F79EFBC}") = "Excercicio07.ConsoleApp", "Excercicio07.ConsoleApp\Excercicio07.ConsoleApp.csproj", "{A5EB5F5D-E20E-4294-AEC3-49AA451450FB}"
EndProject
Project("{2150E333-8FDC-42A3-9474-1A3956D46DE8}") = "Exercicio 08", "Exercicio 08", "{3C74644A-99BB-4C1B-96E1-46A218EA9139}"
EndProject
Project("{9A19103F-16F7-4668-BE54-9A1E7A4F7556}") = "Exercicio08.ConsoleApp", "Exercicio08.ConsoleApp\Exercicio08.ConsoleApp.csproj", "{D6102EEB-37F0-45C2-A0E0-302D91097969}"
EndProject
Project("{2150E333-8FDC-42A3-9474-1A3956D46DE8}") = "Exercicio 09", "Exercicio 09", "{4E796485-37B6-4237-925A-45104C3346EE}"
EndProject
Project("{9A19103F-16F7-4668-BE54-9A1E7A4F7556}") = "Exercicio09.ConsoleApp", "Exercicio09.ConsoleApp\Exercicio09.ConsoleApp.csproj", "{D22485C9-0541-4824-96AF-14B0929E2A03}"
EndProject
Project("{2150E333-8FDC-42A3-9474-1A3956D46DE8}") = "Exercicio 10", "Exercicio 10", "{40BBC4A0-DD76-4221-AE09-217A41F6A600}"
EndProject
Project("{9A19103F-16F7-4668-BE54-9A1E7A4F7556}") = "Exercicio10.ConsoleApp", "Exercicio10.ConsoleApp\Exercicio10.ConsoleApp.csproj", "{458B5921-F5B8-4606-8474-ED009A796F70}"
EndProject
Project("{2150E333-8FDC-42A3-9474-1A3956D46DE8}") = "Exercicio 11", "Exercicio 11", "{CFF37419-FF79-4E5A-8B83-FE511048DAB0}"
EndProject
Project("{9A19103F-16F7-4668-BE54-9A1E7A4F7556}") = "Exercicio11.ConsoleApp", "Exercicio11.ConsoleApp\Exercicio11.ConsoleApp.csproj", "{C0590FEE-892B-47D1-92F7-3066DBD94A67}"
EndProject
Project("{2150E333-8FDC-42A3-9474-1A3956D46DE8}") = "Exercicio 12", "Exercicio 12", "{34BEB330-E590-4CC8-8DD2-150B42965EAD}"
EndProject
Project("{9A19103F-16F7-4668-BE54-9A1E7A4F7556}") = "Exercicio12.ConsoleApp", "Exercicio12.ConsoleApp\Exercicio12.ConsoleApp.csproj", "{C2B46AB5-B714-45C6-8B2B-B558007058B1}"
EndProject
Project("{2150E333-8FDC-42A3-9474-1A3956D46DE8}") = "Exercicio 13", "Exercicio 13", "{7F377F8F-4BCF-46F9-BD95-0578F8EB63B3}"
EndProject
Project("{9A19103F-16F7-4668-BE54-9A1E7A4F7556}") = "Exercicio13.ConsoleApp", "Exercicio13.ConsoleApp\Exercicio13.ConsoleApp.csproj", "{62C38202-A2A9-483E-9923-63216A70635E}"
EndProject
Project("{2150E333-8FDC-42A3-9474-1A3956D46DE8}") = "Exercicio 14", "Exercicio 14", "{DF9086EE-9A53-4C9D-AF6B-99BFE8BC9C58}"
EndProject
Project("{9A19103F-16F7-4668-BE54-9A1E7A4F7556}") = "Exercicio14.ConsoleApp", "Exercicio14.ConsoleApp\Exercicio14.ConsoleApp.csproj", "{C7E49236-F0FD-4EF9-8F86-E9D3A34CC524}"
EndProject
Project("{2150E333-8FDC-42A3-9474-1A3956D46DE8}") = "Exercicio 16", "Exercicio 16", "{250DCCA4-6ABA-4A79-8EEA-09CB5CFDA0ED}"
EndProject
Project("{9A19103F-16F7-4668-BE54-9A1E7A4F7556}") = "Exercicio16.ConsoleApp", "Exercicio16.ConsoleApp\Exercicio16.ConsoleApp.csproj", "{E0B26B5D-65FB-4152-8C92-F86FC594C8C0}"
EndProject
Project("{2150E333-8FDC-42A3-9474-1A3956D46DE8}") = "Exercicio 27", "Exercicio 27", "{A74202C6-702A-474A-AE87-2D74B79D1E05}"
EndProject
Project("{9A19103F-16F7-4668-BE54-9A1E7A4F7556}") = "Exercicio27.ConsoleApp", "Exercicio27.ConsoleApp\Exercicio27.ConsoleApp.csproj", "{85DB2757-545C-4E33-B73E-E5038AEE20D1}"
EndProject
Project("{2150E333-8FDC-42A3-9474-1A3956D46DE8}") = "Exercicio 29", "Exercicio 29", "{41AFE100-1E71-4DB4-B08F-E7A19A75C82E}"
EndProject
Project("{FAE04EC0-301F-11D3-BF4B-00C04F79EFBC}") = "Exercicio29.ConsoleApp", "Exercicio29.ConsoleApp\Exercicio29.ConsoleApp.csproj", "{C9694911-C55D-46A1-B6CA-EC02C2F0464C}"
EndProject
Global
	GlobalSection(SolutionConfigurationPlatforms) = preSolution
		Debug|Any CPU = Debug|Any CPU
		Release|Any CPU = Release|Any CPU
	EndGlobalSection
	GlobalSection(ProjectConfigurationPlatforms) = postSolution
		{E5B2846B-ECAF-4BA1-8781-DE62268652A0}.Debug|Any CPU.ActiveCfg = Debug|Any CPU
		{E5B2846B-ECAF-4BA1-8781-DE62268652A0}.Debug|Any CPU.Build.0 = Debug|Any CPU
		{E5B2846B-ECAF-4BA1-8781-DE62268652A0}.Release|Any CPU.ActiveCfg = Release|Any CPU
		{E5B2846B-ECAF-4BA1-8781-DE62268652A0}.Release|Any CPU.Build.0 = Release|Any CPU
		{F3CB7488-EEC0-4CD5-A92A-373DA42171FB}.Debug|Any CPU.ActiveCfg = Debug|Any CPU
		{F3CB7488-EEC0-4CD5-A92A-373DA42171FB}.Debug|Any CPU.Build.0 = Debug|Any CPU
		{F3CB7488-EEC0-4CD5-A92A-373DA42171FB}.Release|Any CPU.ActiveCfg = Release|Any CPU
		{F3CB7488-EEC0-4CD5-A92A-373DA42171FB}.Release|Any CPU.Build.0 = Release|Any CPU
		{B32B3B14-72DC-4565-8BCA-CC608061E595}.Debug|Any CPU.ActiveCfg = Debug|Any CPU
		{B32B3B14-72DC-4565-8BCA-CC608061E595}.Debug|Any CPU.Build.0 = Debug|Any CPU
		{B32B3B14-72DC-4565-8BCA-CC608061E595}.Release|Any CPU.ActiveCfg = Release|Any CPU
		{B32B3B14-72DC-4565-8BCA-CC608061E595}.Release|Any CPU.Build.0 = Release|Any CPU
		{D9668F69-FBF9-4803-AF50-2176606632B6}.Debug|Any CPU.ActiveCfg = Debug|Any CPU
		{D9668F69-FBF9-4803-AF50-2176606632B6}.Debug|Any CPU.Build.0 = Debug|Any CPU
		{D9668F69-FBF9-4803-AF50-2176606632B6}.Release|Any CPU.ActiveCfg = Release|Any CPU
		{D9668F69-FBF9-4803-AF50-2176606632B6}.Release|Any CPU.Build.0 = Release|Any CPU
		{CEB495C8-3DC7-4D2A-9442-14259FB02E82}.Debug|Any CPU.ActiveCfg = Debug|Any CPU
		{CEB495C8-3DC7-4D2A-9442-14259FB02E82}.Debug|Any CPU.Build.0 = Debug|Any CPU
		{CEB495C8-3DC7-4D2A-9442-14259FB02E82}.Release|Any CPU.ActiveCfg = Release|Any CPU
		{CEB495C8-3DC7-4D2A-9442-14259FB02E82}.Release|Any CPU.Build.0 = Release|Any CPU
		{10697ABE-8288-4351-B6B7-F451C6A4AE28}.Debug|Any CPU.ActiveCfg = Debug|Any CPU
		{10697ABE-8288-4351-B6B7-F451C6A4AE28}.Debug|Any CPU.Build.0 = Debug|Any CPU
		{10697ABE-8288-4351-B6B7-F451C6A4AE28}.Release|Any CPU.ActiveCfg = Release|Any CPU
		{10697ABE-8288-4351-B6B7-F451C6A4AE28}.Release|Any CPU.Build.0 = Release|Any CPU
		{54DEC5EB-7DA8-4E4A-91BC-C86DE32B18DE}.Debug|Any CPU.ActiveCfg = Debug|Any CPU
		{54DEC5EB-7DA8-4E4A-91BC-C86DE32B18DE}.Debug|Any CPU.Build.0 = Debug|Any CPU
		{54DEC5EB-7DA8-4E4A-91BC-C86DE32B18DE}.Release|Any CPU.ActiveCfg = Release|Any CPU
		{54DEC5EB-7DA8-4E4A-91BC-C86DE32B18DE}.Release|Any CPU.Build.0 = Release|Any CPU
		{097040D5-91FA-4278-85AD-982A78100AD7}.Debug|Any CPU.ActiveCfg = Debug|Any CPU
		{097040D5-91FA-4278-85AD-982A78100AD7}.Debug|Any CPU.Build.0 = Debug|Any CPU
		{097040D5-91FA-4278-85AD-982A78100AD7}.Release|Any CPU.ActiveCfg = Release|Any CPU
		{097040D5-91FA-4278-85AD-982A78100AD7}.Release|Any CPU.Build.0 = Release|Any CPU
		{D2EA743E-FBF4-446A-8960-B04E48C67981}.Debug|Any CPU.ActiveCfg = Debug|Any CPU
		{D2EA743E-FBF4-446A-8960-B04E48C67981}.Debug|Any CPU.Build.0 = Debug|Any CPU
		{D2EA743E-FBF4-446A-8960-B04E48C67981}.Release|Any CPU.ActiveCfg = Release|Any CPU
		{D2EA743E-FBF4-446A-8960-B04E48C67981}.Release|Any CPU.Build.0 = Release|Any CPU
		{CB4DD5FE-234D-4D5E-B217-5FAA07B77E3B}.Debug|Any CPU.ActiveCfg = Debug|Any CPU
		{CB4DD5FE-234D-4D5E-B217-5FAA07B77E3B}.Debug|Any CPU.Build.0 = Debug|Any CPU
		{CB4DD5FE-234D-4D5E-B217-5FAA07B77E3B}.Release|Any CPU.ActiveCfg = Release|Any CPU
		{CB4DD5FE-234D-4D5E-B217-5FAA07B77E3B}.Release|Any CPU.Build.0 = Release|Any CPU
		{92586AFD-391F-4E08-A6AA-FC5CA138BEED}.Debug|Any CPU.ActiveCfg = Debug|Any CPU
		{92586AFD-391F-4E08-A6AA-FC5CA138BEED}.Debug|Any CPU.Build.0 = Debug|Any CPU
		{92586AFD-391F-4E08-A6AA-FC5CA138BEED}.Release|Any CPU.ActiveCfg = Release|Any CPU
		{92586AFD-391F-4E08-A6AA-FC5CA138BEED}.Release|Any CPU.Build.0 = Release|Any CPU
		{60A9BDFA-D532-4D77-9A32-BBCA105E7784}.Debug|Any CPU.ActiveCfg = Debug|Any CPU
		{60A9BDFA-D532-4D77-9A32-BBCA105E7784}.Debug|Any CPU.Build.0 = Debug|Any CPU
		{60A9BDFA-D532-4D77-9A32-BBCA105E7784}.Release|Any CPU.ActiveCfg = Release|Any CPU
		{60A9BDFA-D532-4D77-9A32-BBCA105E7784}.Release|Any CPU.Build.0 = Release|Any CPU
		{8F03492B-6571-44F7-873F-2C84F05F77ED}.Debug|Any CPU.ActiveCfg = Debug|Any CPU
		{8F03492B-6571-44F7-873F-2C84F05F77ED}.Debug|Any CPU.Build.0 = Debug|Any CPU
		{8F03492B-6571-44F7-873F-2C84F05F77ED}.Release|Any CPU.ActiveCfg = Release|Any CPU
		{8F03492B-6571-44F7-873F-2C84F05F77ED}.Release|Any CPU.Build.0 = Release|Any CPU
		{C3DE2BEF-E153-4298-A4AE-9A4E9FC8B6C6}.Debug|Any CPU.ActiveCfg = Debug|Any CPU
		{C3DE2BEF-E153-4298-A4AE-9A4E9FC8B6C6}.Debug|Any CPU.Build.0 = Debug|Any CPU
		{C3DE2BEF-E153-4298-A4AE-9A4E9FC8B6C6}.Release|Any CPU.ActiveCfg = Release|Any CPU
		{C3DE2BEF-E153-4298-A4AE-9A4E9FC8B6C6}.Release|Any CPU.Build.0 = Release|Any CPU
		{316F4C88-FEFB-45AA-81C2-1BF5BDD0F11B}.Debug|Any CPU.ActiveCfg = Debug|Any CPU
		{316F4C88-FEFB-45AA-81C2-1BF5BDD0F11B}.Debug|Any CPU.Build.0 = Debug|Any CPU
		{316F4C88-FEFB-45AA-81C2-1BF5BDD0F11B}.Release|Any CPU.ActiveCfg = Release|Any CPU
		{316F4C88-FEFB-45AA-81C2-1BF5BDD0F11B}.Release|Any CPU.Build.0 = Release|Any CPU
		{59A4040C-6288-4596-B15F-967B93380DBA}.Debug|Any CPU.ActiveCfg = Debug|Any CPU
		{59A4040C-6288-4596-B15F-967B93380DBA}.Debug|Any CPU.Build.0 = Debug|Any CPU
		{59A4040C-6288-4596-B15F-967B93380DBA}.Release|Any CPU.ActiveCfg = Release|Any CPU
		{59A4040C-6288-4596-B15F-967B93380DBA}.Release|Any CPU.Build.0 = Release|Any CPU
		{A5EB5F5D-E20E-4294-AEC3-49AA451450FB}.Debug|Any CPU.ActiveCfg = Debug|Any CPU
		{A5EB5F5D-E20E-4294-AEC3-49AA451450FB}.Debug|Any CPU.Build.0 = Debug|Any CPU
		{A5EB5F5D-E20E-4294-AEC3-49AA451450FB}.Release|Any CPU.ActiveCfg = Release|Any CPU
		{A5EB5F5D-E20E-4294-AEC3-49AA451450FB}.Release|Any CPU.Build.0 = Release|Any CPU
		{D6102EEB-37F0-45C2-A0E0-302D91097969}.Debug|Any CPU.ActiveCfg = Debug|Any CPU
		{D6102EEB-37F0-45C2-A0E0-302D91097969}.Debug|Any CPU.Build.0 = Debug|Any CPU
		{D6102EEB-37F0-45C2-A0E0-302D91097969}.Release|Any CPU.ActiveCfg = Release|Any CPU
		{D6102EEB-37F0-45C2-A0E0-302D91097969}.Release|Any CPU.Build.0 = Release|Any CPU
		{D22485C9-0541-4824-96AF-14B0929E2A03}.Debug|Any CPU.ActiveCfg = Debug|Any CPU
		{D22485C9-0541-4824-96AF-14B0929E2A03}.Debug|Any CPU.Build.0 = Debug|Any CPU
		{D22485C9-0541-4824-96AF-14B0929E2A03}.Release|Any CPU.ActiveCfg = Release|Any CPU
		{D22485C9-0541-4824-96AF-14B0929E2A03}.Release|Any CPU.Build.0 = Release|Any CPU
		{458B5921-F5B8-4606-8474-ED009A796F70}.Debug|Any CPU.ActiveCfg = Debug|Any CPU
		{458B5921-F5B8-4606-8474-ED009A796F70}.Debug|Any CPU.Build.0 = Debug|Any CPU
		{458B5921-F5B8-4606-8474-ED009A796F70}.Release|Any CPU.ActiveCfg = Release|Any CPU
		{458B5921-F5B8-4606-8474-ED009A796F70}.Release|Any CPU.Build.0 = Release|Any CPU
		{C0590FEE-892B-47D1-92F7-3066DBD94A67}.Debug|Any CPU.ActiveCfg = Debug|Any CPU
		{C0590FEE-892B-47D1-92F7-3066DBD94A67}.Debug|Any CPU.Build.0 = Debug|Any CPU
		{C0590FEE-892B-47D1-92F7-3066DBD94A67}.Release|Any CPU.ActiveCfg = Release|Any CPU
		{C0590FEE-892B-47D1-92F7-3066DBD94A67}.Release|Any CPU.Build.0 = Release|Any CPU
		{C2B46AB5-B714-45C6-8B2B-B558007058B1}.Debug|Any CPU.ActiveCfg = Debug|Any CPU
		{C2B46AB5-B714-45C6-8B2B-B558007058B1}.Debug|Any CPU.Build.0 = Debug|Any CPU
		{C2B46AB5-B714-45C6-8B2B-B558007058B1}.Release|Any CPU.ActiveCfg = Release|Any CPU
		{C2B46AB5-B714-45C6-8B2B-B558007058B1}.Release|Any CPU.Build.0 = Release|Any CPU
		{62C38202-A2A9-483E-9923-63216A70635E}.Debug|Any CPU.ActiveCfg = Debug|Any CPU
		{62C38202-A2A9-483E-9923-63216A70635E}.Debug|Any CPU.Build.0 = Debug|Any CPU
		{62C38202-A2A9-483E-9923-63216A70635E}.Release|Any CPU.ActiveCfg = Release|Any CPU
		{62C38202-A2A9-483E-9923-63216A70635E}.Release|Any CPU.Build.0 = Release|Any CPU
		{C7E49236-F0FD-4EF9-8F86-E9D3A34CC524}.Debug|Any CPU.ActiveCfg = Debug|Any CPU
		{C7E49236-F0FD-4EF9-8F86-E9D3A34CC524}.Debug|Any CPU.Build.0 = Debug|Any CPU
		{C7E49236-F0FD-4EF9-8F86-E9D3A34CC524}.Release|Any CPU.ActiveCfg = Release|Any CPU
		{C7E49236-F0FD-4EF9-8F86-E9D3A34CC524}.Release|Any CPU.Build.0 = Release|Any CPU
		{E0B26B5D-65FB-4152-8C92-F86FC594C8C0}.Debug|Any CPU.ActiveCfg = Debug|Any CPU
		{E0B26B5D-65FB-4152-8C92-F86FC594C8C0}.Debug|Any CPU.Build.0 = Debug|Any CPU
		{E0B26B5D-65FB-4152-8C92-F86FC594C8C0}.Release|Any CPU.ActiveCfg = Release|Any CPU
		{E0B26B5D-65FB-4152-8C92-F86FC594C8C0}.Release|Any CPU.Build.0 = Release|Any CPU
		{85DB2757-545C-4E33-B73E-E5038AEE20D1}.Debug|Any CPU.ActiveCfg = Debug|Any CPU
		{85DB2757-545C-4E33-B73E-E5038AEE20D1}.Debug|Any CPU.Build.0 = Debug|Any CPU
		{85DB2757-545C-4E33-B73E-E5038AEE20D1}.Release|Any CPU.ActiveCfg = Release|Any CPU
		{85DB2757-545C-4E33-B73E-E5038AEE20D1}.Release|Any CPU.Build.0 = Release|Any CPU
		{C9694911-C55D-46A1-B6CA-EC02C2F0464C}.Debug|Any CPU.ActiveCfg = Debug|Any CPU
		{C9694911-C55D-46A1-B6CA-EC02C2F0464C}.Debug|Any CPU.Build.0 = Debug|Any CPU
		{C9694911-C55D-46A1-B6CA-EC02C2F0464C}.Release|Any CPU.ActiveCfg = Release|Any CPU
		{C9694911-C55D-46A1-B6CA-EC02C2F0464C}.Release|Any CPU.Build.0 = Release|Any CPU
	EndGlobalSection
	GlobalSection(SolutionProperties) = preSolution
		HideSolutionNode = FALSE
	EndGlobalSection
	GlobalSection(NestedProjects) = preSolution
		{E5B2846B-ECAF-4BA1-8781-DE62268652A0} = {8F81B6E5-3335-4A34-94FB-F202BC25B8AA}
		{F3CB7488-EEC0-4CD5-A92A-373DA42171FB} = {76B3074B-E795-4A88-9C31-B5B1063EC1C7}
		{B32B3B14-72DC-4565-8BCA-CC608061E595} = {B02BCCD0-AC99-4ED5-819D-C314BF51E261}
		{D9668F69-FBF9-4803-AF50-2176606632B6} = {68FA9C70-6FFD-4F59-B4F7-6F95A0105DCA}
		{CEB495C8-3DC7-4D2A-9442-14259FB02E82} = {8521FBEB-95C4-4007-AE11-A115B22ED677}
		{10697ABE-8288-4351-B6B7-F451C6A4AE28} = {28894735-A963-46A5-A90B-AAC3F07310C4}
		{54DEC5EB-7DA8-4E4A-91BC-C86DE32B18DE} = {8CAA25EA-B21F-4642-AB0A-E07261EF3A0B}
		{097040D5-91FA-4278-85AD-982A78100AD7} = {039CB32B-A659-43D2-9717-52754401AEC3}
		{D2EA743E-FBF4-446A-8960-B04E48C67981} = {2976D4D8-0849-4B4B-AD2E-0702921F75D4}
		{CB4DD5FE-234D-4D5E-B217-5FAA07B77E3B} = {F87D97EF-8E14-4DE5-91CA-F637079635D5}
		{92586AFD-391F-4E08-A6AA-FC5CA138BEED} = {F835A3FA-1895-4EF8-A409-32A024986356}
		{60A9BDFA-D532-4D77-9A32-BBCA105E7784} = {DA8ABACA-9431-486C-BD49-CA79C1E03AFC}
		{8F03492B-6571-44F7-873F-2C84F05F77ED} = {D40650C7-72D7-4594-B3BC-2D63893E07CC}
		{C3DE2BEF-E153-4298-A4AE-9A4E9FC8B6C6} = {67510500-D138-4832-A8AE-43F4D90FD628}
		{316F4C88-FEFB-45AA-81C2-1BF5BDD0F11B} = {1952AD82-AE04-44FE-87F9-D9618D45A4FF}
		{59A4040C-6288-4596-B15F-967B93380DBA} = {0555D950-EBBA-4276-924B-B9388E1AB852}
		{A5EB5F5D-E20E-4294-AEC3-49AA451450FB} = {49908E08-81C4-4CBB-8153-F2CE8B4663B8}
		{D6102EEB-37F0-45C2-A0E0-302D91097969} = {3C74644A-99BB-4C1B-96E1-46A218EA9139}
		{D22485C9-0541-4824-96AF-14B0929E2A03} = {4E796485-37B6-4237-925A-45104C3346EE}
		{458B5921-F5B8-4606-8474-ED009A796F70} = {40BBC4A0-DD76-4221-AE09-217A41F6A600}
		{C0590FEE-892B-47D1-92F7-3066DBD94A67} = {CFF37419-FF79-4E5A-8B83-FE511048DAB0}
		{C2B46AB5-B714-45C6-8B2B-B558007058B1} = {34BEB330-E590-4CC8-8DD2-150B42965EAD}
		{62C38202-A2A9-483E-9923-63216A70635E} = {7F377F8F-4BCF-46F9-BD95-0578F8EB63B3}
		{C7E49236-F0FD-4EF9-8F86-E9D3A34CC524} = {DF9086EE-9A53-4C9D-AF6B-99BFE8BC9C58}
		{E0B26B5D-65FB-4152-8C92-F86FC594C8C0} = {250DCCA4-6ABA-4A79-8EEA-09CB5CFDA0ED}
		{85DB2757-545C-4E33-B73E-E5038AEE20D1} = {A74202C6-702A-474A-AE87-2D74B79D1E05}
		{C9694911-C55D-46A1-B6CA-EC02C2F0464C} = {41AFE100-1E71-4DB4-B08F-E7A19A75C82E}
	EndGlobalSection
	GlobalSection(ExtensibilityGlobals) = postSolution
		SolutionGuid = {9C18D330-DE0B-4C33-B7DD-E4F23DC79B9F}
	EndGlobalSection
EndGlobal
